
Microsoft Visual Studio Solution File, Format Version 12.00
# Visual Studio Version 17
VisualStudioVersion = 17.13.35716.79 d17.13
MinimumVisualStudioVersion = 10.0.40219.1
Project("{FAE04EC0-301F-11D3-BF4B-00C04F79EFBC}") = "onlinebooksstore", "onlinebooksstore\onlinebooksstore.csproj", "{13E7DAA5-FAFE-44DB-A4B2-D14A18DB58E5}"
EndProject
Global
	GlobalSection(SolutionConfigurationPlatforms) = preSolution
		Debug|Any CPU = Debug|Any CPU
		Release|Any CPU = Release|Any CPU
	EndGlobalSection
	GlobalSection(ProjectConfigurationPlatforms) = postSolution
		{13E7DAA5-FAFE-44DB-A4B2-D14A18DB58E5}.Debug|Any CPU.ActiveCfg = Debug|Any CPU
		{13E7DAA5-FAFE-44DB-A4B2-D14A18DB58E5}.Debug|Any CPU.Build.0 = Debug|Any CPU
		{13E7DAA5-FAFE-44DB-A4B2-D14A18DB58E5}.Release|Any CPU.ActiveCfg = Release|Any CPU
		{13E7DAA5-FAFE-44DB-A4B2-D14A18DB58E5}.Release|Any CPU.Build.0 = Release|Any CPU
	EndGlobalSection
	GlobalSection(SolutionProperties) = preSolution
		HideSolutionNode = FALSE
	EndGlobalSection
	GlobalSection(ExtensibilityGlobals) = postSolution
		SolutionGuid = {0257B9CE-8107-493D-9A6D-FE87CB9ABB59}
	EndGlobalSection
EndGlobal
